{
  "originHash" : "27846b38f53609966c7d49768aee6eecef552430e479c604d4f002ee0c06921f",
  "pins" : [
    {
      "identity" : "bottompopup",
      "kind" : "remoteSourceControl",
      "location" : "https://github.com/ergunemr/BottomPopup",
      "state" : {
        "revision" : "23e3ce5ab9e1576aae60bad90cf7eea34709881d",
        "version" : "0.7.1"
      }
    },
    {
      "identity" : "networkflows",
      "kind" : "remoteSourceControl",
      "location" : "https://github.com/megabitsenmzq/NetworkFlows",
      "state" : {
        "branch" : "master",
        "revision" : "eebd5b15ebb87b4cfc07b521b650a0a4f56f6eab"
      }
    },
    {
      "identity" : "reusable",
      "kind" : "remoteSourceControl",
      "location" : "https://github.com/AliSoftware/Reusable",
      "state" : {
        "revision" : "18674709421360e210c2ecd4e8e08b217d4ea61d",
        "version" : "4.1.2"
      }
    },
    {
      "identity" : "sdwebimage",
      "kind" : "remoteSourceControl",
      "location" : "https://github.com/SDWebImage/SDWebImage.git",
      "state" : {
        "revision" : "8a1be70a625683bc04d6903e2935bf23f3c6d609",
        "version" : "5.19.7"
      }
    },
    {
      "identity" : "sdwebimagephotosplugin",
      "kind" : "remoteSourceControl",
      "location" : "https://github.com/SDWebImage/SDWebImagePhotosPlugin.git",
      "state" : {
        "revision" : "50ad20e10396527afd8e4a4b698bd5df76efc9bc",
        "version" : "1.2.0"
      }
    },
    {
      "identity" : "swiftyuserdefaults",
      "kind" : "remoteSourceControl",
      "location" : "https://github.com/sunshinejr/SwiftyUserDefaults.git",
      "state" : {
        "revision" : "f66bcd04088582c8fbb5cb8554d577e303bae396",
        "version" : "5.3.0"
      }
    }
  ],
  "version" : 3
}
